Microsoft Visual Studio Solution File, Format Version 12.00
# Visual Studio Version 16
VisualStudioVersion = 16.0.30717.126
MinimumVisualStudioVersion = 10.0.40219.1

Project("{9A19103F-16F7-4668-BE54-9A1E7A4F7556}") = "YTSubConverter.Shared", "YTSubConverter.Shared\YTSubConverter.Shared.csproj", "{D68C2D8E-1300-42B6-8476-EBE12E274C88}"
EndProject

Project("{FAE04EC0-301F-11D3-BF4B-00C04F79EFBC}") = "YTSubConverter.UI.Linux", "YTSubConverter.UI.Linux\YTSubConverter.UI.Linux.csproj", "{1B7D2F51-7B56-4DA5-AE15-9FEF0E5BE9A3}"
EndProject

Global
    GlobalSection(SolutionConfigurationPlatforms) = preSolution
        Debug|Any CPU = Debug|Any CPU
        Release|Any CPU = Release|Any CPU
    EndGlobalSection
    GlobalSection(ProjectConfigurationPlatforms) = postSolution
        {D68C2D8E-1300-42B6-8476-EBE12E274C88}.Debug|Any CPU.ActiveCfg = Debug|Any CPU
        {D68C2D8E-1300-42B6-8476-EBE12E274C88}.Debug|Any CPU.Build.0 = Debug|Any CPU
        {D68C2D8E-1300-42B6-8476-EBE12E274C88}.Release|Any CPU.ActiveCfg = Release|Any CPU
        {D68C2D8E-1300-42B6-8476-EBE12E274C88}.Release|Any CPU.Build.0 = Release|Any CPU
        {1B7D2F51-7B56-4DA5-AE15-9FEF0E5BE9A3}.Debug|Any CPU.ActiveCfg = Debug|Any CPU
        {1B7D2F51-7B56-4DA5-AE15-9FEF0E5BE9A3}.Debug|Any CPU.Build.0 = Debug|Any CPU
        {1B7D2F51-7B56-4DA5-AE15-9FEF0E5BE9A3}.Release|Any CPU.ActiveCfg = Release|Any CPU
        {1B7D2F51-7B56-4DA5-AE15-9FEF0E5BE9A3}.Release|Any CPU.Build.0 = Release|Any CPU
    EndGlobalSection
    GlobalSection(SolutionProperties) = preSolution
        HideSolutionNode = FALSE
    EndGlobalSection
    GlobalSection(ExtensibilityGlobals) = postSolution
        SolutionGuid = {14101539-4CBF-484E-9C0A-CC35B6A13C41}
    EndGlobalSection
EndGlobal